// !$*UTF8*$!
{
	archiveVersion = 1;
	classes = {
	};
	objectVersion = 55;
	objects = {

/* Begin PBXBuildFile section */
		C136993528AEEB5E00A1AD83 /* pokedexSwiftUIApp.swift in Sources */ = {isa = PBXBuildFile; fileRef = C136993428AEEB5E00A1AD83 /* pokedexSwiftUIApp.swift */; };
		C136993728AEEB5E00A1AD83 /* ContentView.swift in Sources */ = {isa = PBXBuildFile; fileRef = C136993628AEEB5E00A1AD83 /* ContentView.swift */; };
		C136993928AEEB6100A1AD83 /* Assets.xcassets in Resources */ = {isa = PBXBuildFile; fileRef = C136993828AEEB6100A1AD83 /* Assets.xcassets */; };
		C136993C28AEEB6100A1AD83 /* Preview Assets.xcassets in Resources */ = {isa = PBXBuildFile; fileRef = C136993B28AEEB6100A1AD83 /* Preview Assets.xcassets */; };
		C136994528AEEC4400A1AD83 /* Helpers.swift in Sources */ = {isa = PBXBuildFile; fileRef = C136994428AEEC4400A1AD83 /* Helpers.swift */; };
		C136994828AEF07300A1AD83 /* PokemonModel.swift in Sources */ = {isa = PBXBuildFile; fileRef = C136994728AEF07300A1AD83 /* PokemonModel.swift */; };
		C136994A28AEF4E400A1AD83 /* pokemon.json in Resources */ = {isa = PBXBuildFile; fileRef = C136994928AEF4E400A1AD83 /* pokemon.json */; };
		C136994F28AEF5DC00A1AD83 /* ViewModel.swift in Sources */ = {isa = PBXBuildFile; fileRef = C136994E28AEF5DC00A1AD83 /* ViewModel.swift */; };
		C136995328AEF60D00A1AD83 /* PokemonManager.swift in Sources */ = {isa = PBXBuildFile; fileRef = C136995228AEF60D00A1AD83 /* PokemonManager.swift */; };
		C136995628AEFE5100A1AD83 /* PokemonDetailView.swift in Sources */ = {isa = PBXBuildFile; fileRef = C136995528AEFE5100A1AD83 /* PokemonDetailView.swift */; };
		C136995828AF015300A1AD83 /* PokemonView.swift in Sources */ = {isa = PBXBuildFile; fileRef = C136995728AF015300A1AD83 /* PokemonView.swift */; };
/* End PBXBuildFile section */

/* Begin PBXFileReference section */
		C136993128AEEB5E00A1AD83 /* pokedexSwiftUI.app */ = {isa = PBXFileReference; explicitFileType = wrapper.application; includeInIndex = 0; path = pokedexSwiftUI.app; sourceTree = BUILT_PRODUCTS_DIR; };
		C136993428AEEB5E00A1AD83 /* pokedexSwiftUIApp.swift */ = {isa = PBXFileReference; lastKnownFileType = sourcecode.swift; path = pokedexSwiftUIApp.swift; sourceTree = "<group>"; };
		C136993628AEEB5E00A1AD83 /* ContentView.swift */ = {isa = PBXFileReference; lastKnownFileType = sourcecode.swift; path = ContentView.swift; sourceTree = "<group>"; };
		C136993828AEEB6100A1AD83 /* Assets.xcassets */ = {isa = PBXFileReference; lastKnownFileType = folder.assetcatalog; path = Assets.xcassets; sourceTree = "<group>"; };
		C136993B28AEEB6100A1AD83 /* Preview Assets.xcassets */ = {isa = PBXFileReference; lastKnownFileType = folder.assetcatalog; path = "Preview Assets.xcassets"; sourceTree = "<group>"; };
		C136994428AEEC4400A1AD83 /* Helpers.swift */ = {isa = PBXFileReference; lastKnownFileType = sourcecode.swift; path = Helpers.swift; sourceTree = "<group>"; };
		C136994728AEF07300A1AD83 /* PokemonModel.swift */ = {isa = PBXFileReference; lastKnownFileType = sourcecode.swift; path = PokemonModel.swift; sourceTree = "<group>"; };
		C136994928AEF4E400A1AD83 /* pokemon.json */ = {isa = PBXFileReference; lastKnownFileType = text.json; path = pokemon.json; sourceTree = "<group>"; };
		C136994E28AEF5DC00A1AD83 /* ViewModel.swift */ = {isa = PBXFileReference; lastKnownFileType = sourcecode.swift; path = ViewModel.swift; sourceTree = "<group>"; };
		C136995228AEF60D00A1AD83 /* PokemonManager.swift */ = {isa = PBXFileReference; lastKnownFileType = sourcecode.swift; path = PokemonManager.swift; sourceTree = "<group>"; };
		C136995528AEFE5100A1AD83 /* PokemonDetailView.swift */ = {isa = PBXFileReference; lastKnownFileType = sourcecode.swift; path = PokemonDetailView.swift; sourceTree = "<group>"; };
		C136995728AF015300A1AD83 /* PokemonView.swift */ = {isa = PBXFileReference; lastKnownFileType = sourcecode.swift; path = PokemonView.swift; sourceTree = "<group>"; };
/* End PBXFileReference section */

/* Begin PBXFrameworksBuildPhase section */
		C136992E28AEEB5E00A1AD83 /* Frameworks */ = {
			isa = PBXFrameworksBuildPhase;
			buildActionMask = 2147483647;
			files = (
			);
			runOnlyForDeploymentPostprocessing = 0;
		};
/* End PBXFrameworksBuildPhase section */

/* Begin PBXGroup section */
		C136992828AEEB5E00A1AD83 = {
			isa = PBXGroup;
			children = (
				C136993328AEEB5E00A1AD83 /* pokedexSwiftUI */,
				C136993228AEEB5E00A1AD83 /* Products */,
			);
			sourceTree = "<group>";
		};
		C136993228AEEB5E00A1AD83 /* Products */ = {
			isa = PBXGroup;
			children = (
				C136993128AEEB5E00A1AD83 /* pokedexSwiftUI.app */,
			);
			name = Products;
			sourceTree = "<group>";
		};
		C136993328AEEB5E00A1AD83 /* pokedexSwiftUI */ = {
			isa = PBXGroup;
			children = (
				C136993428AEEB5E00A1AD83 /* pokedexSwiftUIApp.swift */,
				C136995428AEFD5400A1AD83 /* Views */,
				C136994C28AEF57900A1AD83 /* ViewModels */,
				C136994B28AEF57200A1AD83 /* Managers */,
				C136994628AEF05900A1AD83 /* Models */,
				C136994328AEEB8100A1AD83 /* Helpers */,
				C136994228AEEB7C00A1AD83 /* Data */,
				C136993828AEEB6100A1AD83 /* Assets.xcassets */,
				C136993A28AEEB6100A1AD83 /* Preview Content */,
			);
			path = pokedexSwiftUI;
			sourceTree = "<group>";
		};
		C136993A28AEEB6100A1AD83 /* Preview Content */ = {
			isa = PBXGroup;
			children = (
				C136993B28AEEB6100A1AD83 /* Preview Assets.xcassets */,
			);
			path = "Preview Content";
			sourceTree = "<group>";
		};
		C136994228AEEB7C00A1AD83 /* Data */ = {
			isa = PBXGroup;
			children = (
				C136994928AEF4E400A1AD83 /* pokemon.json */,
			);
			path = Data;
			sourceTree = "<group>";
		};
		C136994328AEEB8100A1AD83 /* Helpers */ = {
			isa = PBXGroup;
			children = (
				C136994428AEEC4400A1AD83 /* Helpers.swift */,
			);
			path = Helpers;
			sourceTree = "<group>";
		};
		C136994628AEF05900A1AD83 /* Models */ = {
			isa = PBXGroup;
			children = (
				C136994728AEF07300A1AD83 /* PokemonModel.swift */,
			);
			path = Models;
			sourceTree = "<group>";
		};
		C136994B28AEF57200A1AD83 /* Managers */ = {
			isa = PBXGroup;
			children = (
				C136995228AEF60D00A1AD83 /* PokemonManager.swift */,
			);
			path = Managers;
			sourceTree = "<group>";
		};
		C136994C28AEF57900A1AD83 /* ViewModels */ = {
			isa = PBXGroup;
			children = (
				C136994E28AEF5DC00A1AD83 /* ViewModel.swift */,
			);
			path = ViewModels;
			sourceTree = "<group>";
		};
		C136995428AEFD5400A1AD83 /* Views */ = {
			isa = PBXGroup;
			children = (
				C136993628AEEB5E00A1AD83 /* ContentView.swift */,
				C136995728AF015300A1AD83 /* PokemonView.swift */,
				C136995528AEFE5100A1AD83 /* PokemonDetailView.swift */,
			);
			path = Views;
			sourceTree = "<group>";
		};
/* End PBXGroup section */

/* Begin PBXNativeTarget section */
		C136993028AEEB5E00A1AD83 /* pokedexSwiftUI */ = {
			isa = PBXNativeTarget;
			buildConfigurationList = C136993F28AEEB6200A1AD83 /* Build configuration list for PBXNativeTarget "pokedexSwiftUI" */;
			buildPhases = (
				C136992D28AEEB5E00A1AD83 /* Sources */,
				C136992E28AEEB5E00A1AD83 /* Frameworks */,
				C136992F28AEEB5E00A1AD83 /* Resources */,
			);
			buildRules = (
			);
			dependencies = (
			);
			name = pokedexSwiftUI;
			productName = pokedexSwiftUI;
			productReference = C136993128AEEB5E00A1AD83 /* pokedexSwiftUI.app */;
			productType = "com.apple.product-type.application";
		};
/* End PBXNativeTarget section */

/* Begin PBXProject section */
		C136992928AEEB5E00A1AD83 /* Project object */ = {
			isa = PBXProject;
			attributes = {
				BuildIndependentTargetsInParallel = 1;
				LastSwiftUpdateCheck = 1340;
				LastUpgradeCheck = 1340;
				TargetAttributes = {
					C136993028AEEB5E00A1AD83 = {
						CreatedOnToolsVersion = 13.4.1;
					};
				};
			};
			buildConfigurationList = C136992C28AEEB5E00A1AD83 /* Build configuration list for PBXProject "pokedexSwiftUI" */;
			compatibilityVersion = "Xcode 13.0";
			developmentRegion = en;
			hasScannedForEncodings = 0;
			knownRegions = (
				en,
				Base,
			);
			mainGroup = C136992828AEEB5E00A1AD83;
			productRefGroup = C136993228AEEB5E00A1AD83 /* Products */;
			projectDirPath = "";
			projectRoot = "";
			targets = (
				C136993028AEEB5E00A1AD83 /* pokedexSwiftUI */,
			);
		};
/* End PBXProject section */

/* Begin PBXResourcesBuildPhase section */
		C136992F28AEEB5E00A1AD83 /* Resources */ = {
			isa = PBXResourcesBuildPhase;
			buildActionMask = 2147483647;
			files = (
				C136993C28AEEB6100A1AD83 /* Preview Assets.xcassets in Resources */,
				C136994A28AEF4E400A1AD83 /* pokemon.json in Resources */,
				C136993928AEEB6100A1AD83 /* Assets.xcassets in Resources */,
			);
			runOnlyForDeploymentPostprocessing = 0;
		};
/* End PBXResourcesBuildPhase section */

/* Begin PBXSourcesBuildPhase section */
		C136992D28AEEB5E00A1AD83 /* Sources */ = {
			isa = PBXSourcesBuildPhase;
			buildActionMask = 2147483647;
			files = (
				C136995828AF015300A1AD83 /* PokemonView.swift in Sources */,
				C136994F28AEF5DC00A1AD83 /* ViewModel.swift in Sources */,
				C136995328AEF60D00A1AD83 /* PokemonManager.swift in Sources */,
				C136993728AEEB5E00A1AD83 /* ContentView.swift in Sources */,
				C136994528AEEC4400A1AD83 /* Helpers.swift in Sources */,
				C136993528AEEB5E00A1AD83 /* pokedexSwiftUIApp.swift in Sources */,
				C136995628AEFE5100A1AD83 /* PokemonDetailView.swift in Sources */,
				C136994828AEF07300A1AD83 /* PokemonModel.swift in Sources */,
			);
			runOnlyForDeploymentPostprocessing = 0;
		};
/* End PBXSourcesBuildPhase section */

/* Begin XCBuildConfiguration section */
		C136993D28AEEB6100A1AD83 /* Debug */ = {
			isa = XCBuildConfiguration;
			buildSettings = {
				ALWAYS_SEARCH_USER_PATHS = NO;
				CLANG_ANALYZER_NONNULL = YES;
				CLANG_ANALYZER_NUMBER_OBJECT_CONVERSION = YES_AGGRESSIVE;
				CLANG_CXX_LANGUAGE_STANDARD = "gnu++17";
				CLANG_ENABLE_MODULES = YES;
				CLANG_ENABLE_OBJC_ARC = YES;
				CLANG_ENABLE_OBJC_WEAK = YES;
				CLANG_WARN_BLOCK_CAPTURE_AUTORELEASING = YES;
				CLANG_WARN_BOOL_CONVERSION = YES;
				CLANG_WARN_COMMA = YES;
				CLANG_WARN_CONSTANT_CONVERSION = YES;
				CLANG_WARN_DEPRECATED_OBJC_IMPLEMENTATIONS = YES;
				CLANG_WARN_DIRECT_OBJC_ISA_USAGE = YES_ERROR;
				CLANG_WARN_DOCUMENTATION_COMMENTS = YES;
				CLANG_WARN_EMPTY_BODY = YES;
				CLANG_WARN_ENUM_CONVERSION = YES;
				CLANG_WARN_INFINITE_RECURSION = YES;
				CLANG_WARN_INT_CONVERSION = YES;
				CLANG_WARN_NON_LITERAL_NULL_CONVERSION = YES;
				CLANG_WARN_OBJC_IMPLICIT_RETAIN_SELF = YES;
				CLANG_WARN_OBJC_LITERAL_CONVERSION = YES;
				CLANG_WARN_OBJC_ROOT_CLASS = YES_ERROR;
				CLANG_WARN_QUOTED_INCLUDE_IN_FRAMEWORK_HEADER = YES;
				CLANG_WARN_RANGE_LOOP_ANALYSIS = YES;
				CLANG_WARN_STRICT_PROTOTYPES = YES;
				CLANG_WARN_SUSPICIOUS_MOVE = YES;
				CLANG_WARN_UNGUARDED_AVAILABILITY = YES_AGGRESSIVE;
				CLANG_WARN_UNREACHABLE_CODE = YES;
				CLANG_WARN__DUPLICATE_METHOD_MATCH = YES;
				COPY_PHASE_STRIP = NO;
				DEBUG_INFORMATION_FORMAT = dwarf;
				ENABLE_STRICT_OBJC_MSGSEND = YES;
				ENABLE_TESTABILITY = YES;
				GCC_C_LANGUAGE_STANDARD = gnu11;
				GCC_DYNAMIC_NO_PIC = NO;
				GCC_NO_COMMON_BLOCKS = YES;
				GCC_OPTIMIZATION_LEVEL = 0;
				GCC_PREPROCESSOR_DEFINITIONS = (
					"DEBUG=1",
					"$(inherited)",
				);
				GCC_WARN_64_TO_32_BIT_CONVERSION = YES;
				GCC_WARN_ABOUT_RETURN_TYPE = YES_ERROR;
				GCC_WARN_UNDECLARED_SELECTOR = YES;
				GCC_WARN_UNINITIALIZED_AUTOS = YES_AGGRESSIVE;
				GCC_WARN_UNUSED_FUNCTION = YES;
				GCC_WARN_UNUSED_VARIABLE = YES;
				IPHONEOS_DEPLOYMENT_TARGET = 15.5;
				MTL_ENABLE_DEBUG_INFO = INCLUDE_SOURCE;
				MTL_FAST_MATH = YES;
				ONLY_ACTIVE_ARCH = YES;
				SDKROOT = iphoneos;
				SWIFT_ACTIVE_COMPILATION_CONDITIONS = DEBUG;
				SWIFT_OPTIMIZATION_LEVEL = "-Onone";
			};
			name = Debug;
		};
		C136993E28AEEB6100A1AD83 /* Release */ = {
			isa = XCBuildConfiguration;
			buildSettings = {
				ALWAYS_SEARCH_USER_PATHS = NO;
				CLANG_ANALYZER_NONNULL = YES;
				CLANG_ANALYZER_NUMBER_OBJECT_CONVERSION = YES_AGGRESSIVE;
				CLANG_CXX_LANGUAGE_STANDARD = "gnu++17";
				CLANG_ENABLE_MODULES = YES;
				CLANG_ENABLE_OBJC_ARC = YES;
				CLANG_ENABLE_OBJC_WEAK = YES;
				CLANG_WARN_BLOCK_CAPTURE_AUTORELEASING = YES;
				CLANG_WARN_BOOL_CONVERSION = YES;
				CLANG_WARN_COMMA = YES;
				CLANG_WARN_CONSTANT_CONVERSION = YES;
				CLANG_WARN_DEPRECATED_OBJC_IMPLEMENTATIONS = YES;
				CLANG_WARN_DIRECT_OBJC_ISA_USAGE = YES_ERROR;
				CLANG_WARN_DOCUMENTATION_COMMENTS = YES;
				CLANG_WARN_EMPTY_BODY = YES;
				CLANG_WARN_ENUM_CONVERSION = YES;
				CLANG_WARN_INFINITE_RECURSION = YES;
				CLANG_WARN_INT_CONVERSION = YES;
				CLANG_WARN_NON_LITERAL_NULL_CONVERSION = YES;
				CLANG_WARN_OBJC_IMPLICIT_RETAIN_SELF = YES;
				CLANG_WARN_OBJC_LITERAL_CONVERSION = YES;
				CLANG_WARN_OBJC_ROOT_CLASS = YES_ERROR;
				CLANG_WARN_QUOTED_INCLUDE_IN_FRAMEWORK_HEADER = YES;
				CLANG_WARN_RANGE_LOOP_ANALYSIS = YES;
				CLANG_WARN_STRICT_PROTOTYPES = YES;
				CLANG_WARN_SUSPICIOUS_MOVE = YES;
				CLANG_WARN_UNGUARDED_AVAILABILITY = YES_AGGRESSIVE;
				CLANG_WARN_UNREACHABLE_CODE = YES;
				CLANG_WARN__DUPLICATE_METHOD_MATCH = YES;
				COPY_PHASE_STRIP = NO;
				DEBUG_INFORMATION_FORMAT = "dwarf-with-dsym";
				ENABLE_NS_ASSERTIONS = NO;
				ENABLE_STRICT_OBJC_MSGSEND = YES;
				GCC_C_LANGUAGE_STANDARD = gnu11;
				GCC_NO_COMMON_BLOCKS = YES;
				GCC_WARN_64_TO_32_BIT_CONVERSION = YES;
				GCC_WARN_ABOUT_RETURN_TYPE = YES_ERROR;
				GCC_WARN_UNDECLARED_SELECTOR = YES;
				GCC_WARN_UNINITIALIZED_AUTOS = YES_AGGRESSIVE;
				GCC_WARN_UNUSED_FUNCTION = YES;
				GCC_WARN_UNUSED_VARIABLE = YES;
				IPHONEOS_DEPLOYMENT_TARGET = 15.5;
				MTL_ENABLE_DEBUG_INFO = NO;
				MTL_FAST_MATH = YES;
				SDKROOT = iphoneos;
				SWIFT_COMPILATION_MODE = wholemodule;
				SWIFT_OPTIMIZATION_LEVEL = "-O";
				VALIDATE_PRODUCT = YES;
			};
			name = Release;
		};
		C136994028AEEB6200A1AD83 /* Debug */ = {
			isa = XCBuildConfiguration;
			buildSettings = {
				ASSETCATALOG_COMPILER_APPICON_NAME = AppIcon;
				ASSETCATALOG_COMPILER_GLOBAL_ACCENT_COLOR_NAME = AccentColor;
				CODE_SIGN_STYLE = Automatic;
				CURRENT_PROJECT_VERSION = 1;
				DEVELOPMENT_ASSET_PATHS = "\"pokedexSwiftUI/Preview Content\"";
				DEVELOPMENT_TEAM = REPK4Q54B8;
				ENABLE_PREVIEWS = YES;
				GENERATE_INFOPLIST_FILE = YES;
				INFOPLIST_KEY_UIApplicationSceneManifest_Generation = YES;
				INFOPLIST_KEY_UIApplicationSupportsIndirectInputEvents = YES;
				INFOPLIST_KEY_UILaunchScreen_Generation = YES;
				INFOPLIST_KEY_UISupportedInterfaceOrientations_iPad = "UIInterfaceOrientationPortrait UIInterfaceOrientationPortraitUpsideDown UIInterfaceOrientationLandscapeLeft UIInterfaceOrientationLandscapeRight";
				INFOPLIST_KEY_UISupportedInterfaceOrientations_iPhone = "UIInterfaceOrientationPortrait UIInterfaceOrientationLandscapeLeft UIInterfaceOrientationLandscapeRight";
				LD_RUNPATH_SEARCH_PATHS = (
					"$(inherited)",
					"@executable_path/Frameworks",
				);
				MARKETING_VERSION = 1.0;
				PRODUCT_BUNDLE_IDENTIFIER = com.davidgoren.pokedexSwiftUI;
				PRODUCT_NAME = "$(TARGET_NAME)";
				SWIFT_EMIT_LOC_STRINGS = YES;
				SWIFT_VERSION = 5.0;
				TARGETED_DEVICE_FAMILY = "1,2";
			};
			name = Debug;
		};
		C136994128AEEB6200A1AD83 /* Release */ = {
			isa = XCBuildConfiguration;
			buildSettings = {
				ASSETCATALOG_COMPILER_APPICON_NAME = AppIcon;
				ASSETCATALOG_COMPILER_GLOBAL_ACCENT_COLOR_NAME = AccentColor;
				CODE_SIGN_STYLE = Automatic;
				CURRENT_PROJECT_VERSION = 1;
				DEVELOPMENT_ASSET_PATHS = "\"pokedexSwiftUI/Preview Content\"";
				DEVELOPMENT_TEAM = REPK4Q54B8;
				ENABLE_PREVIEWS = YES;
				GENERATE_INFOPLIST_FILE = YES;
				INFOPLIST_KEY_UIApplicationSceneManifest_Generation = YES;
				INFOPLIST_KEY_UIApplicationSupportsIndirectInputEvents = YES;
				INFOPLIST_KEY_UILaunchScreen_Generation = YES;
				INFOPLIST_KEY_UISupportedInterfaceOrientations_iPad = "UIInterfaceOrientationPortrait UIInterfaceOrientationPortraitUpsideDown UIInterfaceOrientationLandscapeLeft UIInterfaceOrientationLandscapeRight";
				INFOPLIST_KEY_UISupportedInterfaceOrientations_iPhone = "UIInterfaceOrientationPortrait UIInterfaceOrientationLandscapeLeft UIInterfaceOrientationLandscapeRight";
				LD_RUNPATH_SEARCH_PATHS = (
					"$(inherited)",
					"@executable_path/Frameworks",
				);
				MARKETING_VERSION = 1.0;
				PRODUCT_BUNDLE_IDENTIFIER = com.davidgoren.pokedexSwiftUI;
				PRODUCT_NAME = "$(TARGET_NAME)";
				SWIFT_EMIT_LOC_STRINGS = YES;
				SWIFT_VERSION = 5.0;
				TARGETED_DEVICE_FAMILY = "1,2";
			};
			name = Release;
		};
/* End XCBuildConfiguration section */

/* Begin XCConfigurationList section */
		C136992C28AEEB5E00A1AD83 /* Build configuration list for PBXProject "pokedexSwiftUI" */ = {
			isa = XCConfigurationList;
			buildConfigurations = (
				C136993D28AEEB6100A1AD83 /* Debug */,
				C136993E28AEEB6100A1AD83 /* Release */,
			);
			defaultConfigurationIsVisible = 0;
			defaultConfigurationName = Release;
		};
		C136993F28AEEB6200A1AD83 /* Build configuration list for PBXNativeTarget "pokedexSwiftUI" */ = {
			isa = XCConfigurationList;
			buildConfigurations = (
				C136994028AEEB6200A1AD83 /* Debug */,
				C136994128AEEB6200A1AD83 /* Release */,
			);
			defaultConfigurationIsVisible = 0;
			defaultConfigurationName = Release;
		};
/* End XCConfigurationList section */
	};
	rootObject = C136992928AEEB5E00A1AD83 /* Project object */;
}
